// !$*UTF8*$!
{
	archiveVersion = 1;
	classes = {
	};
	objectVersion = 46;
	objects = {

/* Begin PBXBuildFile section */
		1DBBDB4A1BC258C300B8C490 /* AppDelegate.swift in Sources */ = {isa = PBXBuildFile; fileRef = 1DBBDB491BC258C300B8C490 /* AppDelegate.swift */; };
		1DBBDB4C1BC258C300B8C490 /* ViewController.swift in Sources */ = {isa = PBXBuildFile; fileRef = 1DBBDB4B1BC258C300B8C490 /* ViewController.swift */; };
		1DBBDB4F1BC258C300B8C490 /* Main.storyboard in Resources */ = {isa = PBXBuildFile; fileRef = 1DBBDB4D1BC258C300B8C490 /* Main.storyboard */; };
		1DBBDB511BC258C300B8C490 /* Assets.xcassets in Resources */ = {isa = PBXBuildFile; fileRef = 1DBBDB501BC258C300B8C490 /* Assets.xcassets */; };
		1DBBDB541BC258C300B8C490 /* LaunchScreen.storyboard in Resources */ = {isa = PBXBuildFile; fileRef = 1DBBDB521BC258C300B8C490 /* LaunchScreen.storyboard */; };
/* End PBXBuildFile section */

/* Begin PBXFileReference section */
		1DBBDB461BC258C300B8C490 /* MyTableView.app */ = {isa = PBXFileReference; explicitFileType = wrapper.application; includeInIndex = 0; path = MyTableView.app; sourceTree = BUILT_PRODUCTS_DIR; };
		1DBBDB491BC258C300B8C490 /* AppDelegate.swift */ = {isa = PBXFileReference; lastKnownFileType = sourcecode.swift; path = AppDelegate.swift; sourceTree = "<group>"; };
		1DBBDB4B1BC258C300B8C490 /* ViewController.swift */ = {isa = PBXFileReference; lastKnownFileType = sourcecode.swift; path = ViewController.swift; sourceTree = "<group>"; };
		1DBBDB4E1BC258C300B8C490 /* Base */ = {isa = PBXFileReference; lastKnownFileType = file.storyboard; name = Base; path = Base.lproj/Main.storyboard; sourceTree = "<group>"; };
		1DBBDB501BC258C300B8C490 /* Assets.xcassets */ = {isa = PBXFileReference; lastKnownFileType = folder.assetcatalog; path = Assets.xcassets; sourceTree = "<group>"; };
		1DBBDB531BC258C300B8C490 /* Base */ = {isa = PBXFileReference; lastKnownFileType = file.storyboard; name = Base; path = Base.lproj/LaunchScreen.storyboard; sourceTree = "<group>"; };
		1DBBDB551BC258C300B8C490 /* Info.plist */ = {isa = PBXFileReference; lastKnownFileType = text.plist.xml; path = Info.plist; sourceTree = "<group>"; };
/* End PBXFileReference section */

/* Begin PBXFrameworksBuildPhase section */
		1DBBDB431BC258C300B8C490 /* Frameworks */ = {
			isa = PBXFrameworksBuildPhase;
			buildActionMask = 2147483647;
			files = (
			);
			runOnlyForDeploymentPostprocessing = 0;
		};
/* End PBXFrameworksBuildPhase section */

/* Begin PBXGroup section */
		1DBBDB3D1BC258C300B8C490 = {
			isa = PBXGroup;
			children = (
				1DBBDB481BC258C300B8C490 /* MyTableView */,
				1DBBDB471BC258C300B8C490 /* Products */,
			);
			sourceTree = "<group>";
		};
		1DBBDB471BC258C300B8C490 /* Products */ = {
			isa = PBXGroup;
			children = (
				1DBBDB461BC258C300B8C490 /* MyTableView.app */,
			);
			name = Products;
			sourceTree = "<group>";
		};
		1DBBDB481BC258C300B8C490 /* MyTableView */ = {
			isa = PBXGroup;
			children = (
				1DBBDB491BC258C300B8C490 /* AppDelegate.swift */,
				1DBBDB4B1BC258C300B8C490 /* ViewController.swift */,
				1DBBDB4D1BC258C300B8C490 /* Main.storyboard */,
				1DBBDB501BC258C300B8C490 /* Assets.xcassets */,
				1DBBDB521BC258C300B8C490 /* LaunchScreen.storyboard */,
				1DBBDB551BC258C300B8C490 /* Info.plist */,
			);
			path = MyTableView;
			sourceTree = "<group>";
		};
/* End PBXGroup section */

/* Begin PBXNativeTarget section */
		1DBBDB451BC258C300B8C490 /* MyTableView */ = {
			isa = PBXNativeTarget;
			buildConfigurationList = 1DBBDB581BC258C300B8C490 /* Build configuration list for PBXNativeTarget "MyTableView" */;
			buildPhases = (
				1DBBDB421BC258C300B8C490 /* Sources */,
				1DBBDB431BC258C300B8C490 /* Frameworks */,
				1DBBDB441BC258C300B8C490 /* Resources */,
			);
			buildRules = (
			);
			dependencies = (
			);
			name = MyTableView;
			productName = MyTableView;
			productReference = 1DBBDB461BC258C300B8C490 /* MyTableView.app */;
			productType = "com.apple.product-type.application";
		};
/* End PBXNativeTarget section */

/* Begin PBXProject section */
		1DBBDB3E1BC258C300B8C490 /* Project object */ = {
			isa = PBXProject;
			attributes = {
				LastUpgradeCheck = 0710;
				ORGANIZATIONNAME = xiaobo;
				TargetAttributes = {
					1DBBDB451BC258C300B8C490 = {
						CreatedOnToolsVersion = 7.1;
						DevelopmentTeam = MZ56227KBB;
					};
				};
			};
			buildConfigurationList = 1DBBDB411BC258C300B8C490 /* Build configuration list for PBXProject "MyTableView" */;
			compatibilityVersion = "Xcode 3.2";
			developmentRegion = English;
			hasScannedForEncodings = 0;
			knownRegions = (
				en,
				Base,
			);
			mainGroup = 1DBBDB3D1BC258C300B8C490;
			productRefGroup = 1DBBDB471BC258C300B8C490 /* Products */;
			projectDirPath = "";
			projectRoot = "";
			targets = (
				1DBBDB451BC258C300B8C490 /* MyTableView */,
			);
		};
/* End PBXProject section */

/* Begin PBXResourcesBuildPhase section */
		1DBBDB441BC258C300B8C490 /* Resources */ = {
			isa = PBXResourcesBuildPhase;
			buildActionMask = 2147483647;
			files = (
				1DBBDB541BC258C300B8C490 /* LaunchScreen.storyboard in Resources */,
				1DBBDB511BC258C300B8C490 /* Assets.xcassets in Resources */,
				1DBBDB4F1BC258C300B8C490 /* Main.storyboard in Resources */,
			);
			runOnlyForDeploymentPostprocessing = 0;
		};
/* End PBXResourcesBuildPhase section */

/* Begin PBXSourcesBuildPhase section */
		1DBBDB421BC258C300B8C490 /* Sources */ = {
			isa = PBXSourcesBuildPhase;
			buildActionMask = 2147483647;
			files = (
				1DBBDB4C1BC258C300B8C490 /* ViewController.swift in Sources */,
				1DBBDB4A1BC258C300B8C490 /* AppDelegate.swift in Sources */,
			);
			runOnlyForDeploymentPostprocessing = 0;
		};
/* End PBXSourcesBuildPhase section */

/* Begin PBXVariantGroup section */
		1DBBDB4D1BC258C300B8C490 /* Main.storyboard */ = {
			isa = PBXVariantGroup;
			children = (
				1DBBDB4E1BC258C300B8C490 /* Base */,
			);
			name = Main.storyboard;
			sourceTree = "<group>";
		};
		1DBBDB521BC258C300B8C490 /* LaunchScreen.storyboard */ = {
			isa = PBXVariantGroup;
			children = (
				1DBBDB531BC258C300B8C490 /* Base */,
			);
			name = LaunchScreen.storyboard;
			sourceTree = "<group>";
		};
/* End PBXVariantGroup section */

/* Begin XCBuildConfiguration section */
		1DBBDB561BC258C300B8C490 /* Debug */ = {
			isa = XCBuildConfiguration;
			buildSettings = {
				ALWAYS_SEARCH_USER_PATHS = NO;
				CLANG_CXX_LANGUAGE_STANDARD = "gnu++0x";
				CLANG_CXX_LIBRARY = "libc++";
				CLANG_ENABLE_MODULES = YES;
				CLANG_ENABLE_OBJC_ARC = YES;
				CLANG_WARN_BOOL_CONVERSION = YES;
				CLANG_WARN_CONSTANT_CONVERSION = YES;
				CLANG_WARN_DIRECT_OBJC_ISA_USAGE = YES_ERROR;
				CLANG_WARN_EMPTY_BODY = YES;
				CLANG_WARN_ENUM_CONVERSION = YES;
				CLANG_WARN_INT_CONVERSION = YES;
				CLANG_WARN_OBJC_ROOT_CLASS = YES_ERROR;
				CLANG_WARN_UNREACHABLE_CODE = YES;
				CLANG_WARN__DUPLICATE_METHOD_MATCH = YES;
				"CODE_SIGN_IDENTITY[sdk=iphoneos*]" = "iPhone Developer";
				COPY_PHASE_STRIP = NO;
				DEBUG_INFORMATION_FORMAT = dwarf;
				ENABLE_STRICT_OBJC_MSGSEND = YES;
				ENABLE_TESTABILITY = YES;
				GCC_C_LANGUAGE_STANDARD = gnu99;
				GCC_DYNAMIC_NO_PIC = NO;
				GCC_NO_COMMON_BLOCKS = YES;
				GCC_OPTIMIZATION_LEVEL = 0;
				GCC_PREPROCESSOR_DEFINITIONS = (
					"DEBUG=1",
					"$(inherited)",
				);
				GCC_WARN_64_TO_32_BIT_CONVERSION = YES;
				GCC_WARN_ABOUT_RETURN_TYPE = YES_ERROR;
				GCC_WARN_UNDECLARED_SELECTOR = YES;
				GCC_WARN_UNINITIALIZED_AUTOS = YES_AGGRESSIVE;
				GCC_WARN_UNUSED_FUNCTION = YES;
				GCC_WARN_UNUSED_VARIABLE = YES;
				IPHONEOS_DEPLOYMENT_TARGET = 9.1;
				MTL_ENABLE_DEBUG_INFO = YES;
				ONLY_ACTIVE_ARCH = YES;
				SDKROOT = iphoneos;
				SWIFT_OPTIMIZATION_LEVEL = "-Onone";
				TARGETED_DEVICE_FAMILY = "1,2";
			};
			name = Debug;
		};
		1DBBDB571BC258C300B8C490 /* Release */ = {
			isa = XCBuildConfiguration;
			buildSettings = {
				ALWAYS_SEARCH_USER_PATHS = NO;
				CLANG_CXX_LANGUAGE_STANDARD = "gnu++0x";
				CLANG_CXX_LIBRARY = "libc++";
				CLANG_ENABLE_MODULES = YES;
				CLANG_ENABLE_OBJC_ARC = YES;
				CLANG_WARN_BOOL_CONVERSION = YES;
				CLANG_WARN_CONSTANT_CONVERSION = YES;
				CLANG_WARN_DIRECT_OBJC_ISA_USAGE = YES_ERROR;
				CLANG_WARN_EMPTY_BODY = YES;
				CLANG_WARN_ENUM_CONVERSION = YES;
				CLANG_WARN_INT_CONVERSION = YES;
				CLANG_WARN_OBJC_ROOT_CLASS = YES_ERROR;
				CLANG_WARN_UNREACHABLE_CODE = YES;
				CLANG_WARN__DUPLICATE_METHOD_MATCH = YES;
				"CODE_SIGN_IDENTITY[sdk=iphoneos*]" = "iPhone Developer";
				COPY_PHASE_STRIP = NO;
				DEBUG_INFORMATION_FORMAT = "dwarf-with-dsym";
				ENABLE_NS_ASSERTIONS = NO;
				ENABLE_STRICT_OBJC_MSGSEND = YES;
				GCC_C_LANGUAGE_STANDARD = gnu99;
				GCC_NO_COMMON_BLOCKS = YES;
				GCC_WARN_64_TO_32_BIT_CONVERSION = YES;
				GCC_WARN_ABOUT_RETURN_TYPE = YES_ERROR;
				GCC_WARN_UNDECLARED_SELECTOR = YES;
				GCC_WARN_UNINITIALIZED_AUTOS = YES_AGGRESSIVE;
				GCC_WARN_UNUSED_FUNCTION = YES;
				GCC_WARN_UNUSED_VARIABLE = YES;
				IPHONEOS_DEPLOYMENT_TARGET = 9.1;
				MTL_ENABLE_DEBUG_INFO = NO;
				SDKROOT = iphoneos;
				TARGETED_DEVICE_FAMILY = "1,2";
				VALIDATE_PRODUCT = YES;
			};
			name = Release;
		};
		1DBBDB591BC258C300B8C490 /* Debug */ = {
			isa = XCBuildConfiguration;
			buildSettings = {
				ASSETCATALOG_COMPILER_APPICON_NAME = AppIcon;
				INFOPLIST_FILE = MyTableView/Info.plist;
				LD_RUNPATH_SEARCH_PATHS = "$(inherited) @executable_path/Frameworks";
				PRODUCT_BUNDLE_IDENTIFIER = com.xiaoboswift.MyTableView;
				PRODUCT_NAME = "$(TARGET_NAME)";
			};
			name = Debug;
		};
		1DBBDB5A1BC258C300B8C490 /* Release */ = {
			isa = XCBuildConfiguration;
			buildSettings = {
				ASSETCATALOG_COMPILER_APPICON_NAME = AppIcon;
				INFOPLIST_FILE = MyTableView/Info.plist;
				LD_RUNPATH_SEARCH_PATHS = "$(inherited) @executable_path/Frameworks";
				PRODUCT_BUNDLE_IDENTIFIER = com.xiaoboswift.MyTableView;
				PRODUCT_NAME = "$(TARGET_NAME)";
			};
			name = Release;
		};
/* End XCBuildConfiguration section */

/* Begin XCConfigurationList section */
		1DBBDB411BC258C300B8C490 /* Build configuration list for PBXProject "MyTableView" */ = {
			isa = XCConfigurationList;
			buildConfigurations = (
				1DBBDB561BC258C300B8C490 /* Debug */,
				1DBBDB571BC258C300B8C490 /* Release */,
			);
			defaultConfigurationIsVisible = 0;
			defaultConfigurationName = Release;
		};
		1DBBDB581BC258C300B8C490 /* Build configuration list for PBXNativeTarget "MyTableView" */ = {
			isa = XCConfigurationList;
			buildConfigurations = (
				1DBBDB591BC258C300B8C490 /* Debug */,
				1DBBDB5A1BC258C300B8C490 /* Release */,
			);
			defaultConfigurationIsVisible = 0;
		};
/* End XCConfigurationList section */
	};
	rootObject = 1DBBDB3E1BC258C300B8C490 /* Project object */;
}
