// !$*UTF8*$!
{
	archiveVersion = 1;
	classes = {
	};
	objectVersion = 46;
	objects = {

/* Begin PBXBuildFile section */
		1D3395E71BC2B275007A1BFF /* AppDelegate.swift in Sources */ = {isa = PBXBuildFile; fileRef = 1D3395E61BC2B275007A1BFF /* AppDelegate.swift */; };
		1D3395EC1BC2B275007A1BFF /* Main.storyboard in Resources */ = {isa = PBXBuildFile; fileRef = 1D3395EA1BC2B275007A1BFF /* Main.storyboard */; };
		1D3395EE1BC2B275007A1BFF /* Assets.xcassets in Resources */ = {isa = PBXBuildFile; fileRef = 1D3395ED1BC2B275007A1BFF /* Assets.xcassets */; };
		1D3395F11BC2B275007A1BFF /* LaunchScreen.storyboard in Resources */ = {isa = PBXBuildFile; fileRef = 1D3395EF1BC2B275007A1BFF /* LaunchScreen.storyboard */; };
		1D3395FB1BC2B372007A1BFF /* RestaurantTableViewController.swift in Sources */ = {isa = PBXBuildFile; fileRef = 1D3395FA1BC2B372007A1BFF /* RestaurantTableViewController.swift */; };
		1D3395FD1BC2BF08007A1BFF /* CustomTableViewCell.swift in Sources */ = {isa = PBXBuildFile; fileRef = 1D3395FC1BC2BF08007A1BFF /* CustomTableViewCell.swift */; };
/* End PBXBuildFile section */

/* Begin PBXFileReference section */
		1D3395E31BC2B275007A1BFF /* FoodPin.app */ = {isa = PBXFileReference; explicitFileType = wrapper.application; includeInIndex = 0; path = FoodPin.app; sourceTree = BUILT_PRODUCTS_DIR; };
		1D3395E61BC2B275007A1BFF /* AppDelegate.swift */ = {isa = PBXFileReference; lastKnownFileType = sourcecode.swift; path = AppDelegate.swift; sourceTree = "<group>"; };
		1D3395EB1BC2B275007A1BFF /* Base */ = {isa = PBXFileReference; lastKnownFileType = file.storyboard; name = Base; path = Base.lproj/Main.storyboard; sourceTree = "<group>"; };
		1D3395ED1BC2B275007A1BFF /* Assets.xcassets */ = {isa = PBXFileReference; lastKnownFileType = folder.assetcatalog; path = Assets.xcassets; sourceTree = "<group>"; };
		1D3395F01BC2B275007A1BFF /* Base */ = {isa = PBXFileReference; lastKnownFileType = file.storyboard; name = Base; path = Base.lproj/LaunchScreen.storyboard; sourceTree = "<group>"; };
		1D3395F21BC2B275007A1BFF /* Info.plist */ = {isa = PBXFileReference; lastKnownFileType = text.plist.xml; path = Info.plist; sourceTree = "<group>"; };
		1D3395FA1BC2B372007A1BFF /* RestaurantTableViewController.swift */ = {isa = PBXFileReference; fileEncoding = 4; lastKnownFileType = sourcecode.swift; path = RestaurantTableViewController.swift; sourceTree = "<group>"; };
		1D3395FC1BC2BF08007A1BFF /* CustomTableViewCell.swift */ = {isa = PBXFileReference; fileEncoding = 4; lastKnownFileType = sourcecode.swift; path = CustomTableViewCell.swift; sourceTree = "<group>"; };
/* End PBXFileReference section */

/* Begin PBXFrameworksBuildPhase section */
		1D3395E01BC2B275007A1BFF /* Frameworks */ = {
			isa = PBXFrameworksBuildPhase;
			buildActionMask = 2147483647;
			files = (
			);
			runOnlyForDeploymentPostprocessing = 0;
		};
/* End PBXFrameworksBuildPhase section */

/* Begin PBXGroup section */
		1D3395DA1BC2B275007A1BFF = {
			isa = PBXGroup;
			children = (
				1D3395E51BC2B275007A1BFF /* FoodPin */,
				1D3395E41BC2B275007A1BFF /* Products */,
			);
			sourceTree = "<group>";
		};
		1D3395E41BC2B275007A1BFF /* Products */ = {
			isa = PBXGroup;
			children = (
				1D3395E31BC2B275007A1BFF /* FoodPin.app */,
			);
			name = Products;
			sourceTree = "<group>";
		};
		1D3395E51BC2B275007A1BFF /* FoodPin */ = {
			isa = PBXGroup;
			children = (
				1D3395E61BC2B275007A1BFF /* AppDelegate.swift */,
				1D3395EA1BC2B275007A1BFF /* Main.storyboard */,
				1D3395FC1BC2BF08007A1BFF /* CustomTableViewCell.swift */,
				1D3395FA1BC2B372007A1BFF /* RestaurantTableViewController.swift */,
				1D3395ED1BC2B275007A1BFF /* Assets.xcassets */,
				1D3395EF1BC2B275007A1BFF /* LaunchScreen.storyboard */,
				1D3395F21BC2B275007A1BFF /* Info.plist */,
			);
			path = FoodPin;
			sourceTree = "<group>";
		};
/* End PBXGroup section */

/* Begin PBXNativeTarget section */
		1D3395E21BC2B275007A1BFF /* FoodPin */ = {
			isa = PBXNativeTarget;
			buildConfigurationList = 1D3395F51BC2B275007A1BFF /* Build configuration list for PBXNativeTarget "FoodPin" */;
			buildPhases = (
				1D3395DF1BC2B275007A1BFF /* Sources */,
				1D3395E01BC2B275007A1BFF /* Frameworks */,
				1D3395E11BC2B275007A1BFF /* Resources */,
			);
			buildRules = (
			);
			dependencies = (
			);
			name = FoodPin;
			productName = FoodPin;
			productReference = 1D3395E31BC2B275007A1BFF /* FoodPin.app */;
			productType = "com.apple.product-type.application";
		};
/* End PBXNativeTarget section */

/* Begin PBXProject section */
		1D3395DB1BC2B275007A1BFF /* Project object */ = {
			isa = PBXProject;
			attributes = {
				LastUpgradeCheck = 0710;
				ORGANIZATIONNAME = xiaobo;
				TargetAttributes = {
					1D3395E21BC2B275007A1BFF = {
						CreatedOnToolsVersion = 7.1;
						DevelopmentTeam = MZ56227KBB;
					};
				};
			};
			buildConfigurationList = 1D3395DE1BC2B275007A1BFF /* Build configuration list for PBXProject "FoodPin" */;
			compatibilityVersion = "Xcode 3.2";
			developmentRegion = English;
			hasScannedForEncodings = 0;
			knownRegions = (
				en,
				Base,
			);
			mainGroup = 1D3395DA1BC2B275007A1BFF;
			productRefGroup = 1D3395E41BC2B275007A1BFF /* Products */;
			projectDirPath = "";
			projectRoot = "";
			targets = (
				1D3395E21BC2B275007A1BFF /* FoodPin */,
			);
		};
/* End PBXProject section */

/* Begin PBXResourcesBuildPhase section */
		1D3395E11BC2B275007A1BFF /* Resources */ = {
			isa = PBXResourcesBuildPhase;
			buildActionMask = 2147483647;
			files = (
				1D3395F11BC2B275007A1BFF /* LaunchScreen.storyboard in Resources */,
				1D3395EE1BC2B275007A1BFF /* Assets.xcassets in Resources */,
				1D3395EC1BC2B275007A1BFF /* Main.storyboard in Resources */,
			);
			runOnlyForDeploymentPostprocessing = 0;
		};
/* End PBXResourcesBuildPhase section */

/* Begin PBXSourcesBuildPhase section */
		1D3395DF1BC2B275007A1BFF /* Sources */ = {
			isa = PBXSourcesBuildPhase;
			buildActionMask = 2147483647;
			files = (
				1D3395FD1BC2BF08007A1BFF /* CustomTableViewCell.swift in Sources */,
				1D3395FB1BC2B372007A1BFF /* RestaurantTableViewController.swift in Sources */,
				1D3395E71BC2B275007A1BFF /* AppDelegate.swift in Sources */,
			);
			runOnlyForDeploymentPostprocessing = 0;
		};
/* End PBXSourcesBuildPhase section */

/* Begin PBXVariantGroup section */
		1D3395EA1BC2B275007A1BFF /* Main.storyboard */ = {
			isa = PBXVariantGroup;
			children = (
				1D3395EB1BC2B275007A1BFF /* Base */,
			);
			name = Main.storyboard;
			sourceTree = "<group>";
		};
		1D3395EF1BC2B275007A1BFF /* LaunchScreen.storyboard */ = {
			isa = PBXVariantGroup;
			children = (
				1D3395F01BC2B275007A1BFF /* Base */,
			);
			name = LaunchScreen.storyboard;
			sourceTree = "<group>";
		};
/* End PBXVariantGroup section */

/* Begin XCBuildConfiguration section */
		1D3395F31BC2B275007A1BFF /* Debug */ = {
			isa = XCBuildConfiguration;
			buildSettings = {
				ALWAYS_SEARCH_USER_PATHS = NO;
				CLANG_CXX_LANGUAGE_STANDARD = "gnu++0x";
				CLANG_CXX_LIBRARY = "libc++";
				CLANG_ENABLE_MODULES = YES;
				CLANG_ENABLE_OBJC_ARC = YES;
				CLANG_WARN_BOOL_CONVERSION = YES;
				CLANG_WARN_CONSTANT_CONVERSION = YES;
				CLANG_WARN_DIRECT_OBJC_ISA_USAGE = YES_ERROR;
				CLANG_WARN_EMPTY_BODY = YES;
				CLANG_WARN_ENUM_CONVERSION = YES;
				CLANG_WARN_INT_CONVERSION = YES;
				CLANG_WARN_OBJC_ROOT_CLASS = YES_ERROR;
				CLANG_WARN_UNREACHABLE_CODE = YES;
				CLANG_WARN__DUPLICATE_METHOD_MATCH = YES;
				"CODE_SIGN_IDENTITY[sdk=iphoneos*]" = "iPhone Developer";
				COPY_PHASE_STRIP = NO;
				DEBUG_INFORMATION_FORMAT = dwarf;
				ENABLE_STRICT_OBJC_MSGSEND = YES;
				ENABLE_TESTABILITY = YES;
				GCC_C_LANGUAGE_STANDARD = gnu99;
				GCC_DYNAMIC_NO_PIC = NO;
				GCC_NO_COMMON_BLOCKS = YES;
				GCC_OPTIMIZATION_LEVEL = 0;
				GCC_PREPROCESSOR_DEFINITIONS = (
					"DEBUG=1",
					"$(inherited)",
				);
				GCC_WARN_64_TO_32_BIT_CONVERSION = YES;
				GCC_WARN_ABOUT_RETURN_TYPE = YES_ERROR;
				GCC_WARN_UNDECLARED_SELECTOR = YES;
				GCC_WARN_UNINITIALIZED_AUTOS = YES_AGGRESSIVE;
				GCC_WARN_UNUSED_FUNCTION = YES;
				GCC_WARN_UNUSED_VARIABLE = YES;
				IPHONEOS_DEPLOYMENT_TARGET = 9.1;
				MTL_ENABLE_DEBUG_INFO = YES;
				ONLY_ACTIVE_ARCH = YES;
				SDKROOT = iphoneos;
				SWIFT_OPTIMIZATION_LEVEL = "-Onone";
				TARGETED_DEVICE_FAMILY = "1,2";
			};
			name = Debug;
		};
		1D3395F41BC2B275007A1BFF /* Release */ = {
			isa = XCBuildConfiguration;
			buildSettings = {
				ALWAYS_SEARCH_USER_PATHS = NO;
				CLANG_CXX_LANGUAGE_STANDARD = "gnu++0x";
				CLANG_CXX_LIBRARY = "libc++";
				CLANG_ENABLE_MODULES = YES;
				CLANG_ENABLE_OBJC_ARC = YES;
				CLANG_WARN_BOOL_CONVERSION = YES;
				CLANG_WARN_CONSTANT_CONVERSION = YES;
				CLANG_WARN_DIRECT_OBJC_ISA_USAGE = YES_ERROR;
				CLANG_WARN_EMPTY_BODY = YES;
				CLANG_WARN_ENUM_CONVERSION = YES;
				CLANG_WARN_INT_CONVERSION = YES;
				CLANG_WARN_OBJC_ROOT_CLASS = YES_ERROR;
				CLANG_WARN_UNREACHABLE_CODE = YES;
				CLANG_WARN__DUPLICATE_METHOD_MATCH = YES;
				"CODE_SIGN_IDENTITY[sdk=iphoneos*]" = "iPhone Developer";
				COPY_PHASE_STRIP = NO;
				DEBUG_INFORMATION_FORMAT = "dwarf-with-dsym";
				ENABLE_NS_ASSERTIONS = NO;
				ENABLE_STRICT_OBJC_MSGSEND = YES;
				GCC_C_LANGUAGE_STANDARD = gnu99;
				GCC_NO_COMMON_BLOCKS = YES;
				GCC_WARN_64_TO_32_BIT_CONVERSION = YES;
				GCC_WARN_ABOUT_RETURN_TYPE = YES_ERROR;
				GCC_WARN_UNDECLARED_SELECTOR = YES;
				GCC_WARN_UNINITIALIZED_AUTOS = YES_AGGRESSIVE;
				GCC_WARN_UNUSED_FUNCTION = YES;
				GCC_WARN_UNUSED_VARIABLE = YES;
				IPHONEOS_DEPLOYMENT_TARGET = 9.1;
				MTL_ENABLE_DEBUG_INFO = NO;
				SDKROOT = iphoneos;
				TARGETED_DEVICE_FAMILY = "1,2";
				VALIDATE_PRODUCT = YES;
			};
			name = Release;
		};
		1D3395F61BC2B275007A1BFF /* Debug */ = {
			isa = XCBuildConfiguration;
			buildSettings = {
				ASSETCATALOG_COMPILER_APPICON_NAME = AppIcon;
				INFOPLIST_FILE = FoodPin/Info.plist;
				LD_RUNPATH_SEARCH_PATHS = "$(inherited) @executable_path/Frameworks";
				PRODUCT_BUNDLE_IDENTIFIER = com.xiaoboswift.FoodPin;
				PRODUCT_NAME = "$(TARGET_NAME)";
			};
			name = Debug;
		};
		1D3395F71BC2B275007A1BFF /* Release */ = {
			isa = XCBuildConfiguration;
			buildSettings = {
				ASSETCATALOG_COMPILER_APPICON_NAME = AppIcon;
				INFOPLIST_FILE = FoodPin/Info.plist;
				LD_RUNPATH_SEARCH_PATHS = "$(inherited) @executable_path/Frameworks";
				PRODUCT_BUNDLE_IDENTIFIER = com.xiaoboswift.FoodPin;
				PRODUCT_NAME = "$(TARGET_NAME)";
			};
			name = Release;
		};
/* End XCBuildConfiguration section */

/* Begin XCConfigurationList section */
		1D3395DE1BC2B275007A1BFF /* Build configuration list for PBXProject "FoodPin" */ = {
			isa = XCConfigurationList;
			buildConfigurations = (
				1D3395F31BC2B275007A1BFF /* Debug */,
				1D3395F41BC2B275007A1BFF /* Release */,
			);
			defaultConfigurationIsVisible = 0;
			defaultConfigurationName = Release;
		};
		1D3395F51BC2B275007A1BFF /* Build configuration list for PBXNativeTarget "FoodPin" */ = {
			isa = XCConfigurationList;
			buildConfigurations = (
				1D3395F61BC2B275007A1BFF /* Debug */,
				1D3395F71BC2B275007A1BFF /* Release */,
			);
			defaultConfigurationIsVisible = 0;
		};
/* End XCConfigurationList section */
	};
	rootObject = 1D3395DB1BC2B275007A1BFF /* Project object */;
}
